
Microsoft Visual Studio Solution File, Format Version 12.00
# Visual Studio Version 17
VisualStudioVersion = 17.14.36203.30 d17.14
MinimumVisualStudioVersion = 10.0.40219.1
Project("{FAE04EC0-301F-11D3-BF4B-00C04F79EFBC}") = "OOP-Csharp", "OOP-Csharp\OOP-Csharp.csproj", "{8C2E390C-0ABF-4136-A562-A6D70B44FA92}"
EndProject
Global
	GlobalSection(SolutionConfigurationPlatforms) = preSolution
		Debug|Any CPU = Debug|Any CPU
		Release|Any CPU = Release|Any CPU
	EndGlobalSection
	GlobalSection(ProjectConfigurationPlatforms) = postSolution
		{8C2E390C-0ABF-4136-A562-A6D70B44FA92}.Debug|Any CPU.ActiveCfg = Debug|Any CPU
		{8C2E390C-0ABF-4136-A562-A6D70B44FA92}.Debug|Any CPU.Build.0 = Debug|Any CPU
		{8C2E390C-0ABF-4136-A562-A6D70B44FA92}.Release|Any CPU.ActiveCfg = Release|Any CPU
		{8C2E390C-0ABF-4136-A562-A6D70B44FA92}.Release|Any CPU.Build.0 = Release|Any CPU
	EndGlobalSection
	GlobalSection(SolutionProperties) = preSolution
		HideSolutionNode = FALSE
	EndGlobalSection
	GlobalSection(ExtensibilityGlobals) = postSolution
		SolutionGuid = {B7340FFB-046B-486F-990D-38C2EED17E41}
	EndGlobalSection
EndGlobal
